
Microsoft Visual Studio Solution File, Format Version 12.00
# Visual Studio Version 17
VisualStudioVersion = 17.14.36202.13 d17.14
MinimumVisualStudioVersion = 10.0.40219.1
Project("{FAE04EC0-301F-11D3-BF4B-00C04F79EFBC}") = "Kursach", "Kursach\Kursach.csproj", "{6DB2AC09-69F8-40FD-8232-A3A4A1EEF870}"
EndProject
Global
	GlobalSection(SolutionConfigurationPlatforms) = preSolution
		Debug|Any CPU = Debug|Any CPU
		Release|Any CPU = Release|Any CPU
	EndGlobalSection
	GlobalSection(ProjectConfigurationPlatforms) = postSolution
		{6DB2AC09-69F8-40FD-8232-A3A4A1EEF870}.Debug|Any CPU.ActiveCfg = Debug|Any CPU
		{6DB2AC09-69F8-40FD-8232-A3A4A1EEF870}.Debug|Any CPU.Build.0 = Debug|Any CPU
		{6DB2AC09-69F8-40FD-8232-A3A4A1EEF870}.Release|Any CPU.ActiveCfg = Release|Any CPU
		{6DB2AC09-69F8-40FD-8232-A3A4A1EEF870}.Release|Any CPU.Build.0 = Release|Any CPU
	EndGlobalSection
	GlobalSection(SolutionProperties) = preSolution
		HideSolutionNode = FALSE
	EndGlobalSection
	GlobalSection(ExtensibilityGlobals) = postSolution
		SolutionGuid = {6EF3F31B-8776-4FAC-99FD-D8A014103670}
	EndGlobalSection
EndGlobal
